
Microsoft Visual Studio Solution File, Format Version 12.00
# Visual Studio 14
VisualStudioVersion = 14.0.25123.0
MinimumVisualStudioVersion = 10.0.40219.1
Project("{FAE04EC0-301F-11D3-BF4B-00C04F79EFBC}") = "Net.Shim", "Shim\_Net\Net.Shim.csproj", "{816E086D-DA84-4997-8BD9-448C92A1514F}"
EndProject
Project("{FAE04EC0-301F-11D3-BF4B-00C04F79EFBC}") = "Phone.Shim", "Shim\_Phone\Phone.Shim.csproj", "{8A8A3EC5-94B0-4579-9C09-C4DD6431F958}"
EndProject
Project("{FAE04EC0-301F-11D3-BF4B-00C04F79EFBC}") = "Win80.Shim", "Shim\_Store\Win80.Shim.csproj", "{AB25D53A-A1C1-4815-9CC8-15012FB7E416}"
EndProject
Project("{FAE04EC0-301F-11D3-BF4B-00C04F79EFBC}") = "Touch.Shim", "Shim\_Touch\Touch.Shim.csproj", "{28B1CAEE-315F-4981-8476-C14B5EDD2BC9}"
EndProject
Project("{FAE04EC0-301F-11D3-BF4B-00C04F79EFBC}") = "Droid.Shim", "Shim\_Droid\Droid.Shim.csproj", "{97E26603-22F0-4F43-8140-20B7D44A2893}"
EndProject
Project("{FAE04EC0-301F-11D3-BF4B-00C04F79EFBC}") = "Universal.Shim", "Shim\_Universal\Universal.Shim.csproj", "{8464069A-34AD-49EE-AE4D-1213DF8BA2B2}"
EndProject
Project("{FAE04EC0-301F-11D3-BF4B-00C04F79EFBC}") = "Unified.Shim", "Shim\_Unified\Unified.Shim.csproj", "{62D2C8BC-8690-4719-B213-4B68B1ABDAC9}"
EndProject
Project("{2150E333-8FDC-42A3-9474-1A3956D46DE8}") = "Solution Items", "Solution Items", "{7EFAEACA-2C99-465B-8B4B-A7F74EC1B362}"
	ProjectSection(SolutionItems) = preProject
		..\README.md = ..\README.md
		..\NuGet\shim.nuspec = ..\NuGet\shim.nuspec
		..\NuGet\version.cmd = ..\NuGet\version.cmd
	EndProjectSection
EndProject
Project("{2150E333-8FDC-42A3-9474-1A3956D46DE8}") = "Unit tests", "Unit tests", "{614D1BF4-2C5B-4269-A37F-35081D4E535D}"
EndProject
Project("{FAE04EC0-301F-11D3-BF4B-00C04F79EFBC}") = "Net.Shim.Tests", "..\UnitTests\Net.Shim.Tests\Net.Shim.Tests.csproj", "{9E1902D0-6E48-46F9-BB9C-FE538D013085}"
EndProject
Project("{D954291E-2A0B-460D-934E-DC6B0785DB48}") = "Shim.Tests.Shared", "..\UnitTests\Shim.Tests.Shared\Shim.Tests.Shared.shproj", "{E3A98D89-504B-4387-85D4-7F0C8FC1790C}"
EndProject
Project("{FAE04EC0-301F-11D3-BF4B-00C04F79EFBC}") = "Phone.Shim.Tests", "..\UnitTests\Phone.Shim.Tests\Phone.Shim.Tests.csproj", "{9ACB59B3-90D7-4150-BC9E-918AEF7E68AB}"
EndProject
Project("{2150E333-8FDC-42A3-9474-1A3956D46DE8}") = ".nuget", ".nuget", "{6BF63D14-86CE-4B03-A8DB-CF55FD060B6E}"
	ProjectSection(SolutionItems) = preProject
		.nuget\NuGet.Config = .nuget\NuGet.Config
		.nuget\NuGet.exe = .nuget\NuGet.exe
		.nuget\NuGet.targets = .nuget\NuGet.targets
	EndProjectSection
EndProject
Project("{D954291E-2A0B-460D-934E-DC6B0785DB48}") = "Shim.Shared", "Shim\Shim.Shared.shproj", "{CB573E57-FEF7-4FB0-8922-560A85D80F20}"
EndProject
Project("{FAE04EC0-301F-11D3-BF4B-00C04F79EFBC}") = "Portable328.Shim", "Shim\_Profile328\Portable328.Shim.csproj", "{45C3CF7E-ED11-4BAF-866A-B191F17D77C3}"
EndProject
Project("{FAE04EC0-301F-11D3-BF4B-00C04F79EFBC}") = "Silverlight.Shim", "Shim\_Silverlight\Silverlight.Shim.csproj", "{1F718FA3-88F0-47D8-B695-7BA01A3643F8}"
EndProject
Project("{FAE04EC0-301F-11D3-BF4B-00C04F79EFBC}") = "Win81.Shim.Tests", "..\UnitTests\Win81.Shim.Tests\Win81.Shim.Tests.csproj", "{6FF17C17-1FF8-43C9-A975-780C70500FCE}"
EndProject
Project("{FAE04EC0-301F-11D3-BF4B-00C04F79EFBC}") = "Portable111.Shim", "Shim\_Profile111\Portable111.Shim.csproj", "{56A94CF2-5B95-459A-B623-716EEDAA18FC}"
EndProject
Project("{FAE04EC0-301F-11D3-BF4B-00C04F79EFBC}") = "Portable259.Shim", "Shim\_Profile259\Portable259.Shim.csproj", "{31382903-E9DB-4426-A85A-CF88F71B45F2}"
EndProject
Project("{FAE04EC0-301F-11D3-BF4B-00C04F79EFBC}") = "Win81.Shim", "Shim\_Win81\Win81.Shim.csproj", "{B0773BAF-50E1-4C87-B863-CAAD804F8843}"
EndProject
Project("{FAE04EC0-301F-11D3-BF4B-00C04F79EFBC}") = "UWP.Shim", "Shim\_UWP\UWP.Shim.csproj", "{7305ECB7-7102-4E92-BAB5-A2760C77BE76}"
EndProject
Global
	GlobalSection(SharedMSBuildProjectFiles) = preSolution
		Shim\Shim.Shared.projitems*{97e26603-22f0-4f43-8140-20b7d44a2893}*SharedItemsImports = 4
		..\UnitTests\Shim.Tests.Shared\Shim.Tests.Shared.projitems*{9acb59b3-90d7-4150-bc9e-918aef7e68ab}*SharedItemsImports = 4
		Shim\Shim.Shared.projitems*{7305ecb7-7102-4e92-bab5-a2760c77be76}*SharedItemsImports = 4
		Shim\Shim.Shared.projitems*{8464069a-34ad-49ee-ae4d-1213df8ba2b2}*SharedItemsImports = 4
		Shim\Shim.Shared.projitems*{62d2c8bc-8690-4719-b213-4b68b1abdac9}*SharedItemsImports = 4
		..\UnitTests\Shim.Tests.Shared\Shim.Tests.Shared.projitems*{e3a98d89-504b-4387-85d4-7f0c8fc1790c}*SharedItemsImports = 13
		Shim\Shim.Shared.projitems*{28b1caee-315f-4981-8476-c14b5edd2bc9}*SharedItemsImports = 4
		Shim\Shim.Shared.projitems*{8a8a3ec5-94b0-4579-9c09-c4dd6431f958}*SharedItemsImports = 4
		Shim\Shim.Shared.projitems*{1f718fa3-88f0-47d8-b695-7ba01a3643f8}*SharedItemsImports = 4
		..\UnitTests\Shim.Tests.Shared\Shim.Tests.Shared.projitems*{6ff17c17-1ff8-43c9-a975-780c70500fce}*SharedItemsImports = 4
		..\UnitTests\Shim.Tests.Shared\Shim.Tests.Shared.projitems*{9e1902d0-6e48-46f9-bb9c-fe538d013085}*SharedItemsImports = 4
		Shim\Shim.Shared.projitems*{31382903-e9db-4426-a85a-cf88f71b45f2}*SharedItemsImports = 4
		Shim\Shim.Shared.projitems*{45c3cf7e-ed11-4baf-866a-b191f17d77c3}*SharedItemsImports = 4
		Shim\Shim.Shared.projitems*{816e086d-da84-4997-8bd9-448c92a1514f}*SharedItemsImports = 4
		Shim\Shim.Shared.projitems*{b0773baf-50e1-4c87-b863-caad804f8843}*SharedItemsImports = 4
		Shim\Shim.Shared.projitems*{cb573e57-fef7-4fb0-8922-560a85d80f20}*SharedItemsImports = 13
		Shim\Shim.Shared.projitems*{56a94cf2-5b95-459a-b623-716eedaa18fc}*SharedItemsImports = 4
	EndGlobalSection
	GlobalSection(SolutionConfigurationPlatforms) = preSolution
		Debug|Any CPU = Debug|Any CPU
		Debug|ARM = Debug|ARM
		Debug|x64 = Debug|x64
		Debug|x86 = Debug|x86
		Release|Any CPU = Release|Any CPU
		Release|ARM = Release|ARM
		Release|x64 = Release|x64
		Release|x86 = Release|x86
	EndGlobalSection
	GlobalSection(ProjectConfigurationPlatforms) = postSolution
		{816E086D-DA84-4997-8BD9-448C92A1514F}.Debug|Any CPU.ActiveCfg = Debug|Any CPU
		{816E086D-DA84-4997-8BD9-448C92A1514F}.Debug|Any CPU.Build.0 = Debug|Any CPU
		{816E086D-DA84-4997-8BD9-448C92A1514F}.Debug|ARM.ActiveCfg = Debug|Any CPU
		{816E086D-DA84-4997-8BD9-448C92A1514F}.Debug|ARM.Build.0 = Debug|Any CPU
		{816E086D-DA84-4997-8BD9-448C92A1514F}.Debug|x64.ActiveCfg = Debug|Any CPU
		{816E086D-DA84-4997-8BD9-448C92A1514F}.Debug|x64.Build.0 = Debug|Any CPU
		{816E086D-DA84-4997-8BD9-448C92A1514F}.Debug|x86.ActiveCfg = Debug|Any CPU
		{816E086D-DA84-4997-8BD9-448C92A1514F}.Debug|x86.Build.0 = Debug|Any CPU
		{816E086D-DA84-4997-8BD9-448C92A1514F}.Release|Any CPU.ActiveCfg = Release|Any CPU
		{816E086D-DA84-4997-8BD9-448C92A1514F}.Release|Any CPU.Build.0 = Release|Any CPU
		{816E086D-DA84-4997-8BD9-448C92A1514F}.Release|ARM.ActiveCfg = Release|Any CPU
		{816E086D-DA84-4997-8BD9-448C92A1514F}.Release|ARM.Build.0 = Release|Any CPU
		{816E086D-DA84-4997-8BD9-448C92A1514F}.Release|x64.ActiveCfg = Release|Any CPU
		{816E086D-DA84-4997-8BD9-448C92A1514F}.Release|x64.Build.0 = Release|Any CPU
		{816E086D-DA84-4997-8BD9-448C92A1514F}.Release|x86.ActiveCfg = Release|Any CPU
		{816E086D-DA84-4997-8BD9-448C92A1514F}.Release|x86.Build.0 = Release|Any CPU
		{8A8A3EC5-94B0-4579-9C09-C4DD6431F958}.Debug|Any CPU.ActiveCfg = Debug|Any CPU
		{8A8A3EC5-94B0-4579-9C09-C4DD6431F958}.Debug|Any CPU.Build.0 = Debug|Any CPU
		{8A8A3EC5-94B0-4579-9C09-C4DD6431F958}.Debug|ARM.ActiveCfg = Debug|ARM
		{8A8A3EC5-94B0-4579-9C09-C4DD6431F958}.Debug|ARM.Build.0 = Debug|ARM
		{8A8A3EC5-94B0-4579-9C09-C4DD6431F958}.Debug|x64.ActiveCfg = Debug|Any CPU
		{8A8A3EC5-94B0-4579-9C09-C4DD6431F958}.Debug|x64.Build.0 = Debug|Any CPU
		{8A8A3EC5-94B0-4579-9C09-C4DD6431F958}.Debug|x86.ActiveCfg = Debug|x86
		{8A8A3EC5-94B0-4579-9C09-C4DD6431F958}.Debug|x86.Build.0 = Debug|x86
		{8A8A3EC5-94B0-4579-9C09-C4DD6431F958}.Release|Any CPU.ActiveCfg = Release|Any CPU
		{8A8A3EC5-94B0-4579-9C09-C4DD6431F958}.Release|Any CPU.Build.0 = Release|Any CPU
		{8A8A3EC5-94B0-4579-9C09-C4DD6431F958}.Release|ARM.ActiveCfg = Release|ARM
		{8A8A3EC5-94B0-4579-9C09-C4DD6431F958}.Release|ARM.Build.0 = Release|ARM
		{8A8A3EC5-94B0-4579-9C09-C4DD6431F958}.Release|x64.ActiveCfg = Release|Any CPU
		{8A8A3EC5-94B0-4579-9C09-C4DD6431F958}.Release|x64.Build.0 = Release|Any CPU
		{8A8A3EC5-94B0-4579-9C09-C4DD6431F958}.Release|x86.ActiveCfg = Release|x86
		{8A8A3EC5-94B0-4579-9C09-C4DD6431F958}.Release|x86.Build.0 = Release|x86
		{AB25D53A-A1C1-4815-9CC8-15012FB7E416}.Debug|Any CPU.ActiveCfg = Debug|Any CPU
		{AB25D53A-A1C1-4815-9CC8-15012FB7E416}.Debug|Any CPU.Build.0 = Debug|Any CPU
		{AB25D53A-A1C1-4815-9CC8-15012FB7E416}.Debug|ARM.ActiveCfg = Debug|Any CPU
		{AB25D53A-A1C1-4815-9CC8-15012FB7E416}.Debug|x64.ActiveCfg = Debug|Any CPU
		{AB25D53A-A1C1-4815-9CC8-15012FB7E416}.Debug|x86.ActiveCfg = Debug|Any CPU
		{AB25D53A-A1C1-4815-9CC8-15012FB7E416}.Release|Any CPU.ActiveCfg = Release|Any CPU
		{AB25D53A-A1C1-4815-9CC8-15012FB7E416}.Release|Any CPU.Build.0 = Release|Any CPU
		{AB25D53A-A1C1-4815-9CC8-15012FB7E416}.Release|ARM.ActiveCfg = Release|Any CPU
		{AB25D53A-A1C1-4815-9CC8-15012FB7E416}.Release|x64.ActiveCfg = Release|Any CPU
		{AB25D53A-A1C1-4815-9CC8-15012FB7E416}.Release|x86.ActiveCfg = Release|Any CPU
		{28B1CAEE-315F-4981-8476-C14B5EDD2BC9}.Debug|Any CPU.ActiveCfg = Debug|Any CPU
		{28B1CAEE-315F-4981-8476-C14B5EDD2BC9}.Debug|Any CPU.Build.0 = Debug|Any CPU
		{28B1CAEE-315F-4981-8476-C14B5EDD2BC9}.Debug|ARM.ActiveCfg = Debug|Any CPU
		{28B1CAEE-315F-4981-8476-C14B5EDD2BC9}.Debug|ARM.Build.0 = Debug|Any CPU
		{28B1CAEE-315F-4981-8476-C14B5EDD2BC9}.Debug|x64.ActiveCfg = Debug|Any CPU
		{28B1CAEE-315F-4981-8476-C14B5EDD2BC9}.Debug|x64.Build.0 = Debug|Any CPU
		{28B1CAEE-315F-4981-8476-C14B5EDD2BC9}.Debug|x86.ActiveCfg = Debug|Any CPU
		{28B1CAEE-315F-4981-8476-C14B5EDD2BC9}.Debug|x86.Build.0 = Debug|Any CPU
		{28B1CAEE-315F-4981-8476-C14B5EDD2BC9}.Release|Any CPU.ActiveCfg = Release|Any CPU
		{28B1CAEE-315F-4981-8476-C14B5EDD2BC9}.Release|Any CPU.Build.0 = Release|Any CPU
		{28B1CAEE-315F-4981-8476-C14B5EDD2BC9}.Release|ARM.ActiveCfg = Release|Any CPU
		{28B1CAEE-315F-4981-8476-C14B5EDD2BC9}.Release|ARM.Build.0 = Release|Any CPU
		{28B1CAEE-315F-4981-8476-C14B5EDD2BC9}.Release|x64.ActiveCfg = Release|Any CPU
		{28B1CAEE-315F-4981-8476-C14B5EDD2BC9}.Release|x64.Build.0 = Release|Any CPU
		{28B1CAEE-315F-4981-8476-C14B5EDD2BC9}.Release|x86.ActiveCfg = Release|Any CPU
		{28B1CAEE-315F-4981-8476-C14B5EDD2BC9}.Release|x86.Build.0 = Release|Any CPU
		{97E26603-22F0-4F43-8140-20B7D44A2893}.Debug|Any CPU.ActiveCfg = Debug|Any CPU
		{97E26603-22F0-4F43-8140-20B7D44A2893}.Debug|Any CPU.Build.0 = Debug|Any CPU
		{97E26603-22F0-4F43-8140-20B7D44A2893}.Debug|ARM.ActiveCfg = Debug|Any CPU
		{97E26603-22F0-4F43-8140-20B7D44A2893}.Debug|ARM.Build.0 = Debug|Any CPU
		{97E26603-22F0-4F43-8140-20B7D44A2893}.Debug|x64.ActiveCfg = Debug|Any CPU
		{97E26603-22F0-4F43-8140-20B7D44A2893}.Debug|x64.Build.0 = Debug|Any CPU
		{97E26603-22F0-4F43-8140-20B7D44A2893}.Debug|x86.ActiveCfg = Debug|Any CPU
		{97E26603-22F0-4F43-8140-20B7D44A2893}.Debug|x86.Build.0 = Debug|Any CPU
		{97E26603-22F0-4F43-8140-20B7D44A2893}.Release|Any CPU.ActiveCfg = Release|Any CPU
		{97E26603-22F0-4F43-8140-20B7D44A2893}.Release|Any CPU.Build.0 = Release|Any CPU
		{97E26603-22F0-4F43-8140-20B7D44A2893}.Release|ARM.ActiveCfg = Release|Any CPU
		{97E26603-22F0-4F43-8140-20B7D44A2893}.Release|ARM.Build.0 = Release|Any CPU
		{97E26603-22F0-4F43-8140-20B7D44A2893}.Release|x64.ActiveCfg = Release|Any CPU
		{97E26603-22F0-4F43-8140-20B7D44A2893}.Release|x64.Build.0 = Release|Any CPU
		{97E26603-22F0-4F43-8140-20B7D44A2893}.Release|x86.ActiveCfg = Release|Any CPU
		{97E26603-22F0-4F43-8140-20B7D44A2893}.Release|x86.Build.0 = Release|Any CPU
		{8464069A-34AD-49EE-AE4D-1213DF8BA2B2}.Debug|Any CPU.ActiveCfg = Debug|Any CPU
		{8464069A-34AD-49EE-AE4D-1213DF8BA2B2}.Debug|Any CPU.Build.0 = Debug|Any CPU
		{8464069A-34AD-49EE-AE4D-1213DF8BA2B2}.Debug|ARM.ActiveCfg = Debug|Any CPU
		{8464069A-34AD-49EE-AE4D-1213DF8BA2B2}.Debug|ARM.Build.0 = Debug|Any CPU
		{8464069A-34AD-49EE-AE4D-1213DF8BA2B2}.Debug|x64.ActiveCfg = Debug|Any CPU
		{8464069A-34AD-49EE-AE4D-1213DF8BA2B2}.Debug|x64.Build.0 = Debug|Any CPU
		{8464069A-34AD-49EE-AE4D-1213DF8BA2B2}.Debug|x86.ActiveCfg = Debug|Any CPU
		{8464069A-34AD-49EE-AE4D-1213DF8BA2B2}.Debug|x86.Build.0 = Debug|Any CPU
		{8464069A-34AD-49EE-AE4D-1213DF8BA2B2}.Release|Any CPU.ActiveCfg = Release|Any CPU
		{8464069A-34AD-49EE-AE4D-1213DF8BA2B2}.Release|Any CPU.Build.0 = Release|Any CPU
		{8464069A-34AD-49EE-AE4D-1213DF8BA2B2}.Release|ARM.ActiveCfg = Release|Any CPU
		{8464069A-34AD-49EE-AE4D-1213DF8BA2B2}.Release|ARM.Build.0 = Release|Any CPU
		{8464069A-34AD-49EE-AE4D-1213DF8BA2B2}.Release|x64.ActiveCfg = Release|Any CPU
		{8464069A-34AD-49EE-AE4D-1213DF8BA2B2}.Release|x64.Build.0 = Release|Any CPU
		{8464069A-34AD-49EE-AE4D-1213DF8BA2B2}.Release|x86.ActiveCfg = Release|Any CPU
		{8464069A-34AD-49EE-AE4D-1213DF8BA2B2}.Release|x86.Build.0 = Release|Any CPU
		{62D2C8BC-8690-4719-B213-4B68B1ABDAC9}.Debug|Any CPU.ActiveCfg = Debug|Any CPU
		{62D2C8BC-8690-4719-B213-4B68B1ABDAC9}.Debug|Any CPU.Build.0 = Debug|Any CPU
		{62D2C8BC-8690-4719-B213-4B68B1ABDAC9}.Debug|ARM.ActiveCfg = Debug|Any CPU
		{62D2C8BC-8690-4719-B213-4B68B1ABDAC9}.Debug|ARM.Build.0 = Debug|Any CPU
		{62D2C8BC-8690-4719-B213-4B68B1ABDAC9}.Debug|x64.ActiveCfg = Debug|Any CPU
		{62D2C8BC-8690-4719-B213-4B68B1ABDAC9}.Debug|x64.Build.0 = Debug|Any CPU
		{62D2C8BC-8690-4719-B213-4B68B1ABDAC9}.Debug|x86.ActiveCfg = Debug|Any CPU
		{62D2C8BC-8690-4719-B213-4B68B1ABDAC9}.Debug|x86.Build.0 = Debug|Any CPU
		{62D2C8BC-8690-4719-B213-4B68B1ABDAC9}.Release|Any CPU.ActiveCfg = Release|Any CPU
		{62D2C8BC-8690-4719-B213-4B68B1ABDAC9}.Release|Any CPU.Build.0 = Release|Any CPU
		{62D2C8BC-8690-4719-B213-4B68B1ABDAC9}.Release|ARM.ActiveCfg = Release|Any CPU
		{62D2C8BC-8690-4719-B213-4B68B1ABDAC9}.Release|ARM.Build.0 = Release|Any CPU
		{62D2C8BC-8690-4719-B213-4B68B1ABDAC9}.Release|x64.ActiveCfg = Release|Any CPU
		{62D2C8BC-8690-4719-B213-4B68B1ABDAC9}.Release|x64.Build.0 = Release|Any CPU
		{62D2C8BC-8690-4719-B213-4B68B1ABDAC9}.Release|x86.ActiveCfg = Release|Any CPU
		{62D2C8BC-8690-4719-B213-4B68B1ABDAC9}.Release|x86.Build.0 = Release|Any CPU
		{9E1902D0-6E48-46F9-BB9C-FE538D013085}.Debug|Any CPU.ActiveCfg = Debug|Any CPU
		{9E1902D0-6E48-46F9-BB9C-FE538D013085}.Debug|Any CPU.Build.0 = Debug|Any CPU
		{9E1902D0-6E48-46F9-BB9C-FE538D013085}.Debug|ARM.ActiveCfg = Debug|Any CPU
		{9E1902D0-6E48-46F9-BB9C-FE538D013085}.Debug|ARM.Build.0 = Debug|Any CPU
		{9E1902D0-6E48-46F9-BB9C-FE538D013085}.Debug|x64.ActiveCfg = Debug|Any CPU
		{9E1902D0-6E48-46F9-BB9C-FE538D013085}.Debug|x64.Build.0 = Debug|Any CPU
		{9E1902D0-6E48-46F9-BB9C-FE538D013085}.Debug|x86.ActiveCfg = Debug|Any CPU
		{9E1902D0-6E48-46F9-BB9C-FE538D013085}.Debug|x86.Build.0 = Debug|Any CPU
		{9E1902D0-6E48-46F9-BB9C-FE538D013085}.Release|Any CPU.ActiveCfg = Release|Any CPU
		{9E1902D0-6E48-46F9-BB9C-FE538D013085}.Release|Any CPU.Build.0 = Release|Any CPU
		{9E1902D0-6E48-46F9-BB9C-FE538D013085}.Release|ARM.ActiveCfg = Release|Any CPU
		{9E1902D0-6E48-46F9-BB9C-FE538D013085}.Release|ARM.Build.0 = Release|Any CPU
		{9E1902D0-6E48-46F9-BB9C-FE538D013085}.Release|x64.ActiveCfg = Release|Any CPU
		{9E1902D0-6E48-46F9-BB9C-FE538D013085}.Release|x64.Build.0 = Release|Any CPU
		{9E1902D0-6E48-46F9-BB9C-FE538D013085}.Release|x86.ActiveCfg = Release|Any CPU
		{9E1902D0-6E48-46F9-BB9C-FE538D013085}.Release|x86.Build.0 = Release|Any CPU
		{9ACB59B3-90D7-4150-BC9E-918AEF7E68AB}.Debug|Any CPU.ActiveCfg = Debug|Any CPU
		{9ACB59B3-90D7-4150-BC9E-918AEF7E68AB}.Debug|Any CPU.Build.0 = Debug|Any CPU
		{9ACB59B3-90D7-4150-BC9E-918AEF7E68AB}.Debug|Any CPU.Deploy.0 = Debug|Any CPU
		{9ACB59B3-90D7-4150-BC9E-918AEF7E68AB}.Debug|ARM.ActiveCfg = Debug|ARM
		{9ACB59B3-90D7-4150-BC9E-918AEF7E68AB}.Debug|ARM.Build.0 = Debug|ARM
		{9ACB59B3-90D7-4150-BC9E-918AEF7E68AB}.Debug|ARM.Deploy.0 = Debug|ARM
		{9ACB59B3-90D7-4150-BC9E-918AEF7E68AB}.Debug|x64.ActiveCfg = Debug|Any CPU
		{9ACB59B3-90D7-4150-BC9E-918AEF7E68AB}.Debug|x64.Build.0 = Debug|Any CPU
		{9ACB59B3-90D7-4150-BC9E-918AEF7E68AB}.Debug|x64.Deploy.0 = Debug|Any CPU
		{9ACB59B3-90D7-4150-BC9E-918AEF7E68AB}.Debug|x86.ActiveCfg = Debug|x86
		{9ACB59B3-90D7-4150-BC9E-918AEF7E68AB}.Debug|x86.Build.0 = Debug|x86
		{9ACB59B3-90D7-4150-BC9E-918AEF7E68AB}.Debug|x86.Deploy.0 = Debug|x86
		{9ACB59B3-90D7-4150-BC9E-918AEF7E68AB}.Release|Any CPU.ActiveCfg = Release|Any CPU
		{9ACB59B3-90D7-4150-BC9E-918AEF7E68AB}.Release|Any CPU.Build.0 = Release|Any CPU
		{9ACB59B3-90D7-4150-BC9E-918AEF7E68AB}.Release|Any CPU.Deploy.0 = Release|Any CPU
		{9ACB59B3-90D7-4150-BC9E-918AEF7E68AB}.Release|ARM.ActiveCfg = Release|ARM
		{9ACB59B3-90D7-4150-BC9E-918AEF7E68AB}.Release|ARM.Build.0 = Release|ARM
		{9ACB59B3-90D7-4150-BC9E-918AEF7E68AB}.Release|ARM.Deploy.0 = Release|ARM
		{9ACB59B3-90D7-4150-BC9E-918AEF7E68AB}.Release|x64.ActiveCfg = Release|Any CPU
		{9ACB59B3-90D7-4150-BC9E-918AEF7E68AB}.Release|x64.Build.0 = Release|Any CPU
		{9ACB59B3-90D7-4150-BC9E-918AEF7E68AB}.Release|x64.Deploy.0 = Release|Any CPU
		{9ACB59B3-90D7-4150-BC9E-918AEF7E68AB}.Release|x86.ActiveCfg = Release|x86
		{9ACB59B3-90D7-4150-BC9E-918AEF7E68AB}.Release|x86.Build.0 = Release|x86
		{9ACB59B3-90D7-4150-BC9E-918AEF7E68AB}.Release|x86.Deploy.0 = Release|x86
		{45C3CF7E-ED11-4BAF-866A-B191F17D77C3}.Debug|Any CPU.ActiveCfg = Debug|Any CPU
		{45C3CF7E-ED11-4BAF-866A-B191F17D77C3}.Debug|Any CPU.Build.0 = Debug|Any CPU
		{45C3CF7E-ED11-4BAF-866A-B191F17D77C3}.Debug|ARM.ActiveCfg = Debug|Any CPU
		{45C3CF7E-ED11-4BAF-866A-B191F17D77C3}.Debug|ARM.Build.0 = Debug|Any CPU
		{45C3CF7E-ED11-4BAF-866A-B191F17D77C3}.Debug|x64.ActiveCfg = Debug|Any CPU
		{45C3CF7E-ED11-4BAF-866A-B191F17D77C3}.Debug|x64.Build.0 = Debug|Any CPU
		{45C3CF7E-ED11-4BAF-866A-B191F17D77C3}.Debug|x86.ActiveCfg = Debug|Any CPU
		{45C3CF7E-ED11-4BAF-866A-B191F17D77C3}.Debug|x86.Build.0 = Debug|Any CPU
		{45C3CF7E-ED11-4BAF-866A-B191F17D77C3}.Release|Any CPU.ActiveCfg = Release|Any CPU
		{45C3CF7E-ED11-4BAF-866A-B191F17D77C3}.Release|Any CPU.Build.0 = Release|Any CPU
		{45C3CF7E-ED11-4BAF-866A-B191F17D77C3}.Release|ARM.ActiveCfg = Release|Any CPU
		{45C3CF7E-ED11-4BAF-866A-B191F17D77C3}.Release|ARM.Build.0 = Release|Any CPU
		{45C3CF7E-ED11-4BAF-866A-B191F17D77C3}.Release|x64.ActiveCfg = Release|Any CPU
		{45C3CF7E-ED11-4BAF-866A-B191F17D77C3}.Release|x64.Build.0 = Release|Any CPU
		{45C3CF7E-ED11-4BAF-866A-B191F17D77C3}.Release|x86.ActiveCfg = Release|Any CPU
		{45C3CF7E-ED11-4BAF-866A-B191F17D77C3}.Release|x86.Build.0 = Release|Any CPU
		{1F718FA3-88F0-47D8-B695-7BA01A3643F8}.Debug|Any CPU.ActiveCfg = Debug|Any CPU
		{1F718FA3-88F0-47D8-B695-7BA01A3643F8}.Debug|Any CPU.Build.0 = Debug|Any CPU
		{1F718FA3-88F0-47D8-B695-7BA01A3643F8}.Debug|ARM.ActiveCfg = Debug|Any CPU
		{1F718FA3-88F0-47D8-B695-7BA01A3643F8}.Debug|ARM.Build.0 = Debug|Any CPU
		{1F718FA3-88F0-47D8-B695-7BA01A3643F8}.Debug|x64.ActiveCfg = Debug|Any CPU
		{1F718FA3-88F0-47D8-B695-7BA01A3643F8}.Debug|x64.Build.0 = Debug|Any CPU
		{1F718FA3-88F0-47D8-B695-7BA01A3643F8}.Debug|x86.ActiveCfg = Debug|Any CPU
		{1F718FA3-88F0-47D8-B695-7BA01A3643F8}.Debug|x86.Build.0 = Debug|Any CPU
		{1F718FA3-88F0-47D8-B695-7BA01A3643F8}.Release|Any CPU.ActiveCfg = Release|Any CPU
		{1F718FA3-88F0-47D8-B695-7BA01A3643F8}.Release|Any CPU.Build.0 = Release|Any CPU
		{1F718FA3-88F0-47D8-B695-7BA01A3643F8}.Release|ARM.ActiveCfg = Release|Any CPU
		{1F718FA3-88F0-47D8-B695-7BA01A3643F8}.Release|ARM.Build.0 = Release|Any CPU
		{1F718FA3-88F0-47D8-B695-7BA01A3643F8}.Release|x64.ActiveCfg = Release|Any CPU
		{1F718FA3-88F0-47D8-B695-7BA01A3643F8}.Release|x64.Build.0 = Release|Any CPU
		{1F718FA3-88F0-47D8-B695-7BA01A3643F8}.Release|x86.ActiveCfg = Release|Any CPU
		{1F718FA3-88F0-47D8-B695-7BA01A3643F8}.Release|x86.Build.0 = Release|Any CPU
		{6FF17C17-1FF8-43C9-A975-780C70500FCE}.Debug|Any CPU.ActiveCfg = Debug|Any CPU
		{6FF17C17-1FF8-43C9-A975-780C70500FCE}.Debug|Any CPU.Build.0 = Debug|Any CPU
		{6FF17C17-1FF8-43C9-A975-780C70500FCE}.Debug|Any CPU.Deploy.0 = Debug|Any CPU
		{6FF17C17-1FF8-43C9-A975-780C70500FCE}.Debug|ARM.ActiveCfg = Debug|Any CPU
		{6FF17C17-1FF8-43C9-A975-780C70500FCE}.Debug|ARM.Build.0 = Debug|Any CPU
		{6FF17C17-1FF8-43C9-A975-780C70500FCE}.Debug|ARM.Deploy.0 = Debug|Any CPU
		{6FF17C17-1FF8-43C9-A975-780C70500FCE}.Debug|x64.ActiveCfg = Debug|Any CPU
		{6FF17C17-1FF8-43C9-A975-780C70500FCE}.Debug|x64.Build.0 = Debug|Any CPU
		{6FF17C17-1FF8-43C9-A975-780C70500FCE}.Debug|x64.Deploy.0 = Debug|Any CPU
		{6FF17C17-1FF8-43C9-A975-780C70500FCE}.Debug|x86.ActiveCfg = Debug|Any CPU
		{6FF17C17-1FF8-43C9-A975-780C70500FCE}.Debug|x86.Build.0 = Debug|Any CPU
		{6FF17C17-1FF8-43C9-A975-780C70500FCE}.Debug|x86.Deploy.0 = Debug|Any CPU
		{6FF17C17-1FF8-43C9-A975-780C70500FCE}.Release|Any CPU.ActiveCfg = Release|Any CPU
		{6FF17C17-1FF8-43C9-A975-780C70500FCE}.Release|Any CPU.Build.0 = Release|Any CPU
		{6FF17C17-1FF8-43C9-A975-780C70500FCE}.Release|Any CPU.Deploy.0 = Release|Any CPU
		{6FF17C17-1FF8-43C9-A975-780C70500FCE}.Release|ARM.ActiveCfg = Release|Any CPU
		{6FF17C17-1FF8-43C9-A975-780C70500FCE}.Release|ARM.Build.0 = Release|Any CPU
		{6FF17C17-1FF8-43C9-A975-780C70500FCE}.Release|ARM.Deploy.0 = Release|Any CPU
		{6FF17C17-1FF8-43C9-A975-780C70500FCE}.Release|x64.ActiveCfg = Release|Any CPU
		{6FF17C17-1FF8-43C9-A975-780C70500FCE}.Release|x64.Build.0 = Release|Any CPU
		{6FF17C17-1FF8-43C9-A975-780C70500FCE}.Release|x64.Deploy.0 = Release|Any CPU
		{6FF17C17-1FF8-43C9-A975-780C70500FCE}.Release|x86.ActiveCfg = Release|Any CPU
		{6FF17C17-1FF8-43C9-A975-780C70500FCE}.Release|x86.Build.0 = Release|Any CPU
		{6FF17C17-1FF8-43C9-A975-780C70500FCE}.Release|x86.Deploy.0 = Release|Any CPU
		{56A94CF2-5B95-459A-B623-716EEDAA18FC}.Debug|Any CPU.ActiveCfg = Debug|Any CPU
		{56A94CF2-5B95-459A-B623-716EEDAA18FC}.Debug|Any CPU.Build.0 = Debug|Any CPU
		{56A94CF2-5B95-459A-B623-716EEDAA18FC}.Debug|ARM.ActiveCfg = Debug|Any CPU
		{56A94CF2-5B95-459A-B623-716EEDAA18FC}.Debug|ARM.Build.0 = Debug|Any CPU
		{56A94CF2-5B95-459A-B623-716EEDAA18FC}.Debug|x64.ActiveCfg = Debug|Any CPU
		{56A94CF2-5B95-459A-B623-716EEDAA18FC}.Debug|x64.Build.0 = Debug|Any CPU
		{56A94CF2-5B95-459A-B623-716EEDAA18FC}.Debug|x86.ActiveCfg = Debug|Any CPU
		{56A94CF2-5B95-459A-B623-716EEDAA18FC}.Debug|x86.Build.0 = Debug|Any CPU
		{56A94CF2-5B95-459A-B623-716EEDAA18FC}.Release|Any CPU.ActiveCfg = Release|Any CPU
		{56A94CF2-5B95-459A-B623-716EEDAA18FC}.Release|Any CPU.Build.0 = Release|Any CPU
		{56A94CF2-5B95-459A-B623-716EEDAA18FC}.Release|ARM.ActiveCfg = Release|Any CPU
		{56A94CF2-5B95-459A-B623-716EEDAA18FC}.Release|ARM.Build.0 = Release|Any CPU
		{56A94CF2-5B95-459A-B623-716EEDAA18FC}.Release|x64.ActiveCfg = Release|Any CPU
		{56A94CF2-5B95-459A-B623-716EEDAA18FC}.Release|x64.Build.0 = Release|Any CPU
		{56A94CF2-5B95-459A-B623-716EEDAA18FC}.Release|x86.ActiveCfg = Release|Any CPU
		{56A94CF2-5B95-459A-B623-716EEDAA18FC}.Release|x86.Build.0 = Release|Any CPU
		{31382903-E9DB-4426-A85A-CF88F71B45F2}.Debug|Any CPU.ActiveCfg = Debug|Any CPU
		{31382903-E9DB-4426-A85A-CF88F71B45F2}.Debug|Any CPU.Build.0 = Debug|Any CPU
		{31382903-E9DB-4426-A85A-CF88F71B45F2}.Debug|ARM.ActiveCfg = Debug|Any CPU
		{31382903-E9DB-4426-A85A-CF88F71B45F2}.Debug|ARM.Build.0 = Debug|Any CPU
		{31382903-E9DB-4426-A85A-CF88F71B45F2}.Debug|x64.ActiveCfg = Debug|Any CPU
		{31382903-E9DB-4426-A85A-CF88F71B45F2}.Debug|x64.Build.0 = Debug|Any CPU
		{31382903-E9DB-4426-A85A-CF88F71B45F2}.Debug|x86.ActiveCfg = Debug|Any CPU
		{31382903-E9DB-4426-A85A-CF88F71B45F2}.Debug|x86.Build.0 = Debug|Any CPU
		{31382903-E9DB-4426-A85A-CF88F71B45F2}.Release|Any CPU.ActiveCfg = Release|Any CPU
		{31382903-E9DB-4426-A85A-CF88F71B45F2}.Release|Any CPU.Build.0 = Release|Any CPU
		{31382903-E9DB-4426-A85A-CF88F71B45F2}.Release|ARM.ActiveCfg = Release|Any CPU
		{31382903-E9DB-4426-A85A-CF88F71B45F2}.Release|ARM.Build.0 = Release|Any CPU
		{31382903-E9DB-4426-A85A-CF88F71B45F2}.Release|x64.ActiveCfg = Release|Any CPU
		{31382903-E9DB-4426-A85A-CF88F71B45F2}.Release|x64.Build.0 = Release|Any CPU
		{31382903-E9DB-4426-A85A-CF88F71B45F2}.Release|x86.ActiveCfg = Release|Any CPU
		{31382903-E9DB-4426-A85A-CF88F71B45F2}.Release|x86.Build.0 = Release|Any CPU
		{B0773BAF-50E1-4C87-B863-CAAD804F8843}.Debug|Any CPU.ActiveCfg = Debug|Any CPU
		{B0773BAF-50E1-4C87-B863-CAAD804F8843}.Debug|Any CPU.Build.0 = Debug|Any CPU
		{B0773BAF-50E1-4C87-B863-CAAD804F8843}.Debug|ARM.ActiveCfg = Debug|Any CPU
		{B0773BAF-50E1-4C87-B863-CAAD804F8843}.Debug|ARM.Build.0 = Debug|Any CPU
		{B0773BAF-50E1-4C87-B863-CAAD804F8843}.Debug|x64.ActiveCfg = Debug|Any CPU
		{B0773BAF-50E1-4C87-B863-CAAD804F8843}.Debug|x64.Build.0 = Debug|Any CPU
		{B0773BAF-50E1-4C87-B863-CAAD804F8843}.Debug|x86.ActiveCfg = Debug|Any CPU
		{B0773BAF-50E1-4C87-B863-CAAD804F8843}.Debug|x86.Build.0 = Debug|Any CPU
		{B0773BAF-50E1-4C87-B863-CAAD804F8843}.Release|Any CPU.ActiveCfg = Release|Any CPU
		{B0773BAF-50E1-4C87-B863-CAAD804F8843}.Release|Any CPU.Build.0 = Release|Any CPU
		{B0773BAF-50E1-4C87-B863-CAAD804F8843}.Release|ARM.ActiveCfg = Release|Any CPU
		{B0773BAF-50E1-4C87-B863-CAAD804F8843}.Release|ARM.Build.0 = Release|Any CPU
		{B0773BAF-50E1-4C87-B863-CAAD804F8843}.Release|x64.ActiveCfg = Release|Any CPU
		{B0773BAF-50E1-4C87-B863-CAAD804F8843}.Release|x64.Build.0 = Release|Any CPU
		{B0773BAF-50E1-4C87-B863-CAAD804F8843}.Release|x86.ActiveCfg = Release|Any CPU
		{B0773BAF-50E1-4C87-B863-CAAD804F8843}.Release|x86.Build.0 = Release|Any CPU
		{7305ECB7-7102-4E92-BAB5-A2760C77BE76}.Debug|Any CPU.ActiveCfg = Debug|Any CPU
		{7305ECB7-7102-4E92-BAB5-A2760C77BE76}.Debug|Any CPU.Build.0 = Debug|Any CPU
		{7305ECB7-7102-4E92-BAB5-A2760C77BE76}.Debug|ARM.ActiveCfg = Debug|ARM
		{7305ECB7-7102-4E92-BAB5-A2760C77BE76}.Debug|ARM.Build.0 = Debug|ARM
		{7305ECB7-7102-4E92-BAB5-A2760C77BE76}.Debug|x64.ActiveCfg = Debug|x64
		{7305ECB7-7102-4E92-BAB5-A2760C77BE76}.Debug|x64.Build.0 = Debug|x64
		{7305ECB7-7102-4E92-BAB5-A2760C77BE76}.Debug|x86.ActiveCfg = Debug|x86
		{7305ECB7-7102-4E92-BAB5-A2760C77BE76}.Debug|x86.Build.0 = Debug|x86
		{7305ECB7-7102-4E92-BAB5-A2760C77BE76}.Release|Any CPU.ActiveCfg = Release|Any CPU
		{7305ECB7-7102-4E92-BAB5-A2760C77BE76}.Release|Any CPU.Build.0 = Release|Any CPU
		{7305ECB7-7102-4E92-BAB5-A2760C77BE76}.Release|ARM.ActiveCfg = Release|ARM
		{7305ECB7-7102-4E92-BAB5-A2760C77BE76}.Release|ARM.Build.0 = Release|ARM
		{7305ECB7-7102-4E92-BAB5-A2760C77BE76}.Release|x64.ActiveCfg = Release|x64
		{7305ECB7-7102-4E92-BAB5-A2760C77BE76}.Release|x64.Build.0 = Release|x64
		{7305ECB7-7102-4E92-BAB5-A2760C77BE76}.Release|x86.ActiveCfg = Release|x86
		{7305ECB7-7102-4E92-BAB5-A2760C77BE76}.Release|x86.Build.0 = Release|x86
	EndGlobalSection
	GlobalSection(SolutionProperties) = preSolution
		HideSolutionNode = FALSE
	EndGlobalSection
	GlobalSection(NestedProjects) = preSolution
		{9E1902D0-6E48-46F9-BB9C-FE538D013085} = {614D1BF4-2C5B-4269-A37F-35081D4E535D}
		{E3A98D89-504B-4387-85D4-7F0C8FC1790C} = {614D1BF4-2C5B-4269-A37F-35081D4E535D}
		{9ACB59B3-90D7-4150-BC9E-918AEF7E68AB} = {614D1BF4-2C5B-4269-A37F-35081D4E535D}
		{6FF17C17-1FF8-43C9-A975-780C70500FCE} = {614D1BF4-2C5B-4269-A37F-35081D4E535D}
	EndGlobalSection
EndGlobal
