
Microsoft Visual Studio Solution File, Format Version 12.00
# Visual Studio 2013
VisualStudioVersion = 12.0.31101.0
MinimumVisualStudioVersion = 10.0.40219.1
Project("{FAE04EC0-301F-11D3-BF4B-00C04F79EFBC}") = "Net.Shim", "Shim\_Net\Net.Shim.csproj", "{816E086D-DA84-4997-8BD9-448C92A1514F}"
EndProject
Project("{FAE04EC0-301F-11D3-BF4B-00C04F79EFBC}") = "Phone.Shim", "Shim\_Phone\Phone.Shim.csproj", "{8A8A3EC5-94B0-4579-9C09-C4DD6431F958}"
EndProject
Project("{FAE04EC0-301F-11D3-BF4B-00C04F79EFBC}") = "Store.Shim", "Shim\_Store\Store.Shim.csproj", "{AB25D53A-A1C1-4815-9CC8-15012FB7E416}"
EndProject
Project("{FAE04EC0-301F-11D3-BF4B-00C04F79EFBC}") = "Touch.Shim", "Shim\_Touch\Touch.Shim.csproj", "{28B1CAEE-315F-4981-8476-C14B5EDD2BC9}"
EndProject
Project("{FAE04EC0-301F-11D3-BF4B-00C04F79EFBC}") = "Droid.Shim", "Shim\_Droid\Droid.Shim.csproj", "{97E26603-22F0-4F43-8140-20B7D44A2893}"
EndProject
Project("{FAE04EC0-301F-11D3-BF4B-00C04F79EFBC}") = "Universal.Shim", "Shim\_Universal\Universal.Shim.csproj", "{8464069A-34AD-49EE-AE4D-1213DF8BA2B2}"
EndProject
Project("{FAE04EC0-301F-11D3-BF4B-00C04F79EFBC}") = "Unified.Shim", "Shim\_Unified\Unified.Shim.csproj", "{62D2C8BC-8690-4719-B213-4B68B1ABDAC9}"
EndProject
Project("{2150E333-8FDC-42A3-9474-1A3956D46DE8}") = "Solution Items", "Solution Items", "{7EFAEACA-2C99-465B-8B4B-A7F74EC1B362}"
	ProjectSection(SolutionItems) = preProject
		..\README.md = ..\README.md
		..\NuGet\shim-v2.nuspec = ..\NuGet\shim-v2.nuspec
		..\NuGet\shim.nuspec = ..\NuGet\shim.nuspec
	EndProjectSection
EndProject
Project("{2150E333-8FDC-42A3-9474-1A3956D46DE8}") = "Unit tests", "Unit tests", "{614D1BF4-2C5B-4269-A37F-35081D4E535D}"
EndProject
Project("{FAE04EC0-301F-11D3-BF4B-00C04F79EFBC}") = "Net.Shim.Tests", "..\UnitTests\Net.Shim.Tests\Net.Shim.Tests.csproj", "{9E1902D0-6E48-46F9-BB9C-FE538D013085}"
EndProject
Project("{D954291E-2A0B-460D-934E-DC6B0785DB48}") = "Shim.Tests.Shared", "..\UnitTests\Shim.Tests.Shared\Shim.Tests.Shared.shproj", "{E3A98D89-504B-4387-85D4-7F0C8FC1790C}"
EndProject
Project("{FAE04EC0-301F-11D3-BF4B-00C04F79EFBC}") = "Phone.Shim.Tests", "..\UnitTests\Phone.Shim.Tests\Phone.Shim.Tests.csproj", "{9ACB59B3-90D7-4150-BC9E-918AEF7E68AB}"
EndProject
Project("{2150E333-8FDC-42A3-9474-1A3956D46DE8}") = ".nuget", ".nuget", "{6BF63D14-86CE-4B03-A8DB-CF55FD060B6E}"
	ProjectSection(SolutionItems) = preProject
		.nuget\NuGet.Config = .nuget\NuGet.Config
		.nuget\NuGet.exe = .nuget\NuGet.exe
		.nuget\NuGet.targets = .nuget\NuGet.targets
	EndProjectSection
EndProject
Project("{D954291E-2A0B-460D-934E-DC6B0785DB48}") = "Shim.Shared", "Shim\Shim.Shared.shproj", "{CB573E57-FEF7-4FB0-8922-560A85D80F20}"
EndProject
Project("{FAE04EC0-301F-11D3-BF4B-00C04F79EFBC}") = "Portable328.Shim", "Shim\_Profile328\Portable328.Shim.csproj", "{45C3CF7E-ED11-4BAF-866A-B191F17D77C3}"
EndProject
Project("{FAE04EC0-301F-11D3-BF4B-00C04F79EFBC}") = "Silverlight.Shim", "Shim\_Silverlight\Silverlight.Shim.csproj", "{1F718FA3-88F0-47D8-B695-7BA01A3643F8}"
EndProject
Global
	GlobalSection(SharedMSBuildProjectFiles) = preSolution
		Shim\Shim.Shared.projitems*{97e26603-22f0-4f43-8140-20b7d44a2893}*SharedItemsImports = 4
		..\UnitTests\Shim.Tests.Shared\Shim.Tests.Shared.projitems*{9acb59b3-90d7-4150-bc9e-918aef7e68ab}*SharedItemsImports = 4
		Shim\Shim.Shared.projitems*{8464069a-34ad-49ee-ae4d-1213df8ba2b2}*SharedItemsImports = 4
		Shim\Shim.Shared.projitems*{62d2c8bc-8690-4719-b213-4b68b1abdac9}*SharedItemsImports = 4
		..\UnitTests\Shim.Tests.Shared\Shim.Tests.Shared.projitems*{e3a98d89-504b-4387-85d4-7f0c8fc1790c}*SharedItemsImports = 13
		Shim\Shim.Shared.projitems*{28b1caee-315f-4981-8476-c14b5edd2bc9}*SharedItemsImports = 4
		Shim\Shim.Shared.projitems*{8a8a3ec5-94b0-4579-9c09-c4dd6431f958}*SharedItemsImports = 4
		Shim\Shim.Shared.projitems*{1f718fa3-88f0-47d8-b695-7ba01a3643f8}*SharedItemsImports = 4
		..\UnitTests\Shim.Tests.Shared\Shim.Tests.Shared.projitems*{9e1902d0-6e48-46f9-bb9c-fe538d013085}*SharedItemsImports = 4
		Shim\Shim.Shared.projitems*{45c3cf7e-ed11-4baf-866a-b191f17d77c3}*SharedItemsImports = 4
		Shim\Shim.Shared.projitems*{ab25d53a-a1c1-4815-9cc8-15012fb7e416}*SharedItemsImports = 4
		Shim\Shim.Shared.projitems*{816e086d-da84-4997-8bd9-448c92a1514f}*SharedItemsImports = 4
		Shim\Shim.Shared.projitems*{cb573e57-fef7-4fb0-8922-560a85d80f20}*SharedItemsImports = 13
	EndGlobalSection
	GlobalSection(SolutionConfigurationPlatforms) = preSolution
		Debug|Any CPU = Debug|Any CPU
		Release|Any CPU = Release|Any CPU
	EndGlobalSection
	GlobalSection(ProjectConfigurationPlatforms) = postSolution
		{816E086D-DA84-4997-8BD9-448C92A1514F}.Debug|Any CPU.ActiveCfg = Debug|Any CPU
		{816E086D-DA84-4997-8BD9-448C92A1514F}.Debug|Any CPU.Build.0 = Debug|Any CPU
		{816E086D-DA84-4997-8BD9-448C92A1514F}.Release|Any CPU.ActiveCfg = Release|Any CPU
		{816E086D-DA84-4997-8BD9-448C92A1514F}.Release|Any CPU.Build.0 = Release|Any CPU
		{8A8A3EC5-94B0-4579-9C09-C4DD6431F958}.Debug|Any CPU.ActiveCfg = Debug|Any CPU
		{8A8A3EC5-94B0-4579-9C09-C4DD6431F958}.Debug|Any CPU.Build.0 = Debug|Any CPU
		{8A8A3EC5-94B0-4579-9C09-C4DD6431F958}.Release|Any CPU.ActiveCfg = Release|Any CPU
		{8A8A3EC5-94B0-4579-9C09-C4DD6431F958}.Release|Any CPU.Build.0 = Release|Any CPU
		{AB25D53A-A1C1-4815-9CC8-15012FB7E416}.Debug|Any CPU.ActiveCfg = Debug|Any CPU
		{AB25D53A-A1C1-4815-9CC8-15012FB7E416}.Debug|Any CPU.Build.0 = Debug|Any CPU
		{AB25D53A-A1C1-4815-9CC8-15012FB7E416}.Release|Any CPU.ActiveCfg = Release|Any CPU
		{AB25D53A-A1C1-4815-9CC8-15012FB7E416}.Release|Any CPU.Build.0 = Release|Any CPU
		{28B1CAEE-315F-4981-8476-C14B5EDD2BC9}.Debug|Any CPU.ActiveCfg = Debug|Any CPU
		{28B1CAEE-315F-4981-8476-C14B5EDD2BC9}.Debug|Any CPU.Build.0 = Debug|Any CPU
		{28B1CAEE-315F-4981-8476-C14B5EDD2BC9}.Release|Any CPU.ActiveCfg = Release|Any CPU
		{28B1CAEE-315F-4981-8476-C14B5EDD2BC9}.Release|Any CPU.Build.0 = Release|Any CPU
		{97E26603-22F0-4F43-8140-20B7D44A2893}.Debug|Any CPU.ActiveCfg = Debug|Any CPU
		{97E26603-22F0-4F43-8140-20B7D44A2893}.Debug|Any CPU.Build.0 = Debug|Any CPU
		{97E26603-22F0-4F43-8140-20B7D44A2893}.Release|Any CPU.ActiveCfg = Release|Any CPU
		{97E26603-22F0-4F43-8140-20B7D44A2893}.Release|Any CPU.Build.0 = Release|Any CPU
		{8464069A-34AD-49EE-AE4D-1213DF8BA2B2}.Debug|Any CPU.ActiveCfg = Debug|Any CPU
		{8464069A-34AD-49EE-AE4D-1213DF8BA2B2}.Debug|Any CPU.Build.0 = Debug|Any CPU
		{8464069A-34AD-49EE-AE4D-1213DF8BA2B2}.Release|Any CPU.ActiveCfg = Release|Any CPU
		{8464069A-34AD-49EE-AE4D-1213DF8BA2B2}.Release|Any CPU.Build.0 = Release|Any CPU
		{62D2C8BC-8690-4719-B213-4B68B1ABDAC9}.Debug|Any CPU.ActiveCfg = Debug|Any CPU
		{62D2C8BC-8690-4719-B213-4B68B1ABDAC9}.Debug|Any CPU.Build.0 = Debug|Any CPU
		{62D2C8BC-8690-4719-B213-4B68B1ABDAC9}.Release|Any CPU.ActiveCfg = Release|Any CPU
		{62D2C8BC-8690-4719-B213-4B68B1ABDAC9}.Release|Any CPU.Build.0 = Release|Any CPU
		{9E1902D0-6E48-46F9-BB9C-FE538D013085}.Debug|Any CPU.ActiveCfg = Debug|Any CPU
		{9E1902D0-6E48-46F9-BB9C-FE538D013085}.Debug|Any CPU.Build.0 = Debug|Any CPU
		{9E1902D0-6E48-46F9-BB9C-FE538D013085}.Release|Any CPU.ActiveCfg = Release|Any CPU
		{9E1902D0-6E48-46F9-BB9C-FE538D013085}.Release|Any CPU.Build.0 = Release|Any CPU
		{9ACB59B3-90D7-4150-BC9E-918AEF7E68AB}.Debug|Any CPU.ActiveCfg = Debug|Any CPU
		{9ACB59B3-90D7-4150-BC9E-918AEF7E68AB}.Debug|Any CPU.Build.0 = Debug|Any CPU
		{9ACB59B3-90D7-4150-BC9E-918AEF7E68AB}.Debug|Any CPU.Deploy.0 = Debug|Any CPU
		{9ACB59B3-90D7-4150-BC9E-918AEF7E68AB}.Release|Any CPU.ActiveCfg = Release|Any CPU
		{9ACB59B3-90D7-4150-BC9E-918AEF7E68AB}.Release|Any CPU.Build.0 = Release|Any CPU
		{9ACB59B3-90D7-4150-BC9E-918AEF7E68AB}.Release|Any CPU.Deploy.0 = Release|Any CPU
		{45C3CF7E-ED11-4BAF-866A-B191F17D77C3}.Debug|Any CPU.ActiveCfg = Debug|Any CPU
		{45C3CF7E-ED11-4BAF-866A-B191F17D77C3}.Debug|Any CPU.Build.0 = Debug|Any CPU
		{45C3CF7E-ED11-4BAF-866A-B191F17D77C3}.Release|Any CPU.ActiveCfg = Release|Any CPU
		{45C3CF7E-ED11-4BAF-866A-B191F17D77C3}.Release|Any CPU.Build.0 = Release|Any CPU
		{1F718FA3-88F0-47D8-B695-7BA01A3643F8}.Debug|Any CPU.ActiveCfg = Debug|Any CPU
		{1F718FA3-88F0-47D8-B695-7BA01A3643F8}.Debug|Any CPU.Build.0 = Debug|Any CPU
		{1F718FA3-88F0-47D8-B695-7BA01A3643F8}.Release|Any CPU.ActiveCfg = Release|Any CPU
		{1F718FA3-88F0-47D8-B695-7BA01A3643F8}.Release|Any CPU.Build.0 = Release|Any CPU
	EndGlobalSection
	GlobalSection(SolutionProperties) = preSolution
		HideSolutionNode = FALSE
	EndGlobalSection
	GlobalSection(NestedProjects) = preSolution
		{9E1902D0-6E48-46F9-BB9C-FE538D013085} = {614D1BF4-2C5B-4269-A37F-35081D4E535D}
		{E3A98D89-504B-4387-85D4-7F0C8FC1790C} = {614D1BF4-2C5B-4269-A37F-35081D4E535D}
		{9ACB59B3-90D7-4150-BC9E-918AEF7E68AB} = {614D1BF4-2C5B-4269-A37F-35081D4E535D}
	EndGlobalSection
EndGlobal
