
Microsoft Visual Studio Solution File, Format Version 12.00
# Visual Studio 2013
VisualStudioVersion = 12.0.31101.0
MinimumVisualStudioVersion = 10.0.40219.1
Project("{FAE04EC0-301F-11D3-BF4B-00C04F79EFBC}") = "Portable.Shim", "Shim\Portable.Shim.csproj", "{A60B1E41-53AB-4777-8B2C-4F2D91DD864F}"
EndProject
Project("{FAE04EC0-301F-11D3-BF4B-00C04F79EFBC}") = "Net.Shim", "Shim\_Net\Net.Shim.csproj", "{816E086D-DA84-4997-8BD9-448C92A1514F}"
EndProject
Project("{FAE04EC0-301F-11D3-BF4B-00C04F79EFBC}") = "Phone.Shim", "Shim\_Phone\Phone.Shim.csproj", "{8A8A3EC5-94B0-4579-9C09-C4DD6431F958}"
EndProject
Project("{FAE04EC0-301F-11D3-BF4B-00C04F79EFBC}") = "Store.Shim", "Shim\_Store\Store.Shim.csproj", "{AB25D53A-A1C1-4815-9CC8-15012FB7E416}"
EndProject
Project("{FAE04EC0-301F-11D3-BF4B-00C04F79EFBC}") = "Touch.Shim", "Shim\_Touch\Touch.Shim.csproj", "{28B1CAEE-315F-4981-8476-C14B5EDD2BC9}"
EndProject
Project("{FAE04EC0-301F-11D3-BF4B-00C04F79EFBC}") = "Droid.Shim", "Shim\_Droid\Droid.Shim.csproj", "{97E26603-22F0-4F43-8140-20B7D44A2893}"
EndProject
Project("{FAE04EC0-301F-11D3-BF4B-00C04F79EFBC}") = "Universal.Shim", "Shim\_Universal\Universal.Shim.csproj", "{8464069A-34AD-49EE-AE4D-1213DF8BA2B2}"
EndProject
Project("{FAE04EC0-301F-11D3-BF4B-00C04F79EFBC}") = "iOS.Shim", "Shim\_iOS\iOS.Shim.csproj", "{62D2C8BC-8690-4719-B213-4B68B1ABDAC9}"
EndProject
Global
	GlobalSection(SolutionConfigurationPlatforms) = preSolution
		Debug|Any CPU = Debug|Any CPU
		Release|Any CPU = Release|Any CPU
	EndGlobalSection
	GlobalSection(ProjectConfigurationPlatforms) = postSolution
		{A60B1E41-53AB-4777-8B2C-4F2D91DD864F}.Debug|Any CPU.ActiveCfg = Debug|Any CPU
		{A60B1E41-53AB-4777-8B2C-4F2D91DD864F}.Debug|Any CPU.Build.0 = Debug|Any CPU
		{A60B1E41-53AB-4777-8B2C-4F2D91DD864F}.Release|Any CPU.ActiveCfg = Release|Any CPU
		{A60B1E41-53AB-4777-8B2C-4F2D91DD864F}.Release|Any CPU.Build.0 = Release|Any CPU
		{816E086D-DA84-4997-8BD9-448C92A1514F}.Debug|Any CPU.ActiveCfg = Debug|Any CPU
		{816E086D-DA84-4997-8BD9-448C92A1514F}.Debug|Any CPU.Build.0 = Debug|Any CPU
		{816E086D-DA84-4997-8BD9-448C92A1514F}.Release|Any CPU.ActiveCfg = Release|Any CPU
		{816E086D-DA84-4997-8BD9-448C92A1514F}.Release|Any CPU.Build.0 = Release|Any CPU
		{8A8A3EC5-94B0-4579-9C09-C4DD6431F958}.Debug|Any CPU.ActiveCfg = Debug|Any CPU
		{8A8A3EC5-94B0-4579-9C09-C4DD6431F958}.Debug|Any CPU.Build.0 = Debug|Any CPU
		{8A8A3EC5-94B0-4579-9C09-C4DD6431F958}.Release|Any CPU.ActiveCfg = Release|Any CPU
		{8A8A3EC5-94B0-4579-9C09-C4DD6431F958}.Release|Any CPU.Build.0 = Release|Any CPU
		{AB25D53A-A1C1-4815-9CC8-15012FB7E416}.Debug|Any CPU.ActiveCfg = Debug|Any CPU
		{AB25D53A-A1C1-4815-9CC8-15012FB7E416}.Debug|Any CPU.Build.0 = Debug|Any CPU
		{AB25D53A-A1C1-4815-9CC8-15012FB7E416}.Release|Any CPU.ActiveCfg = Release|Any CPU
		{AB25D53A-A1C1-4815-9CC8-15012FB7E416}.Release|Any CPU.Build.0 = Release|Any CPU
		{28B1CAEE-315F-4981-8476-C14B5EDD2BC9}.Debug|Any CPU.ActiveCfg = Debug|Any CPU
		{28B1CAEE-315F-4981-8476-C14B5EDD2BC9}.Debug|Any CPU.Build.0 = Debug|Any CPU
		{28B1CAEE-315F-4981-8476-C14B5EDD2BC9}.Release|Any CPU.ActiveCfg = Release|Any CPU
		{28B1CAEE-315F-4981-8476-C14B5EDD2BC9}.Release|Any CPU.Build.0 = Release|Any CPU
		{97E26603-22F0-4F43-8140-20B7D44A2893}.Debug|Any CPU.ActiveCfg = Debug|Any CPU
		{97E26603-22F0-4F43-8140-20B7D44A2893}.Debug|Any CPU.Build.0 = Debug|Any CPU
		{97E26603-22F0-4F43-8140-20B7D44A2893}.Release|Any CPU.ActiveCfg = Release|Any CPU
		{97E26603-22F0-4F43-8140-20B7D44A2893}.Release|Any CPU.Build.0 = Release|Any CPU
		{8464069A-34AD-49EE-AE4D-1213DF8BA2B2}.Debug|Any CPU.ActiveCfg = Debug|Any CPU
		{8464069A-34AD-49EE-AE4D-1213DF8BA2B2}.Debug|Any CPU.Build.0 = Debug|Any CPU
		{8464069A-34AD-49EE-AE4D-1213DF8BA2B2}.Release|Any CPU.ActiveCfg = Release|Any CPU
		{8464069A-34AD-49EE-AE4D-1213DF8BA2B2}.Release|Any CPU.Build.0 = Release|Any CPU
		{62D2C8BC-8690-4719-B213-4B68B1ABDAC9}.Debug|Any CPU.ActiveCfg = Debug|Any CPU
		{62D2C8BC-8690-4719-B213-4B68B1ABDAC9}.Debug|Any CPU.Build.0 = Debug|Any CPU
		{62D2C8BC-8690-4719-B213-4B68B1ABDAC9}.Release|Any CPU.ActiveCfg = Release|Any CPU
		{62D2C8BC-8690-4719-B213-4B68B1ABDAC9}.Release|Any CPU.Build.0 = Release|Any CPU
	EndGlobalSection
	GlobalSection(SolutionProperties) = preSolution
		HideSolutionNode = FALSE
	EndGlobalSection
EndGlobal
